
Microsoft Visual Studio Solution File, Format Version 12.00
# Visual Studio Version 17
VisualStudioVersion = 17.0.31903.59
MinimumVisualStudioVersion = 10.0.40219.1
Project("{2150E333-8FDC-42A3-9474-1A3956D46DE8}") = "src", "src", "{827E0CD3-B72D-47B6-A68D-7590B98EB39B}"
EndProject
Project("{FAE04EC0-301F-11D3-BF4B-00C04F79EFBC}") = "Forum.Core", "src\Forum.Core\Forum.Core.csproj", "{55280AEA-87B5-432D-996B-B56A8E577957}"
EndProject
Project("{FAE04EC0-301F-11D3-BF4B-00C04F79EFBC}") = "Forum.Discord", "src\Forum.Discord\Forum.Discord.csproj", "{81A387C2-CB97-49F7-8B6F-F632DDA74A5F}"
EndProject
Project("{FAE04EC0-301F-11D3-BF4B-00C04F79EFBC}") = "Forum.Worker", "src\Forum.Worker\Forum.Worker.csproj", "{09708A59-51D0-4149-917D-2060F716A6F8}"
EndProject
Project("{FAE04EC0-301F-11D3-BF4B-00C04F79EFBC}") = "Forum.Cli", "src\Forum.Cli\Forum.Cli.csproj", "{EBA47993-BBFA-4387-8D4A-65E0194093BA}"
EndProject
Project("{2150E333-8FDC-42A3-9474-1A3956D46DE8}") = "tests", "tests", "{0AB3BF05-4346-4AA6-1389-037BE0695223}"
EndProject
Project("{FAE04EC0-301F-11D3-BF4B-00C04F79EFBC}") = "Forum.Core.Tests", "tests\Forum.Core.Tests\Forum.Core.Tests.csproj", "{47B8727A-402E-46F4-BF2B-5878CD4C9A27}"
EndProject
Project("{FAE04EC0-301F-11D3-BF4B-00C04F79EFBC}") = "Forum.Discord.Tests", "tests\Forum.Discord.Tests\Forum.Discord.Tests.csproj", "{BEFB2D0E-B8E4-4F4F-98EC-2A65CA34F2CD}"
EndProject
Global
	GlobalSection(SolutionConfigurationPlatforms) = preSolution
		Debug|Any CPU = Debug|Any CPU
		Debug|x64 = Debug|x64
		Debug|x86 = Debug|x86
		Release|Any CPU = Release|Any CPU
		Release|x64 = Release|x64
		Release|x86 = Release|x86
	EndGlobalSection
	GlobalSection(ProjectConfigurationPlatforms) = postSolution
		{55280AEA-87B5-432D-996B-B56A8E577957}.Debug|Any CPU.ActiveCfg = Debug|Any CPU
		{55280AEA-87B5-432D-996B-B56A8E577957}.Debug|Any CPU.Build.0 = Debug|Any CPU
		{55280AEA-87B5-432D-996B-B56A8E577957}.Debug|x64.ActiveCfg = Debug|Any CPU
		{55280AEA-87B5-432D-996B-B56A8E577957}.Debug|x64.Build.0 = Debug|Any CPU
		{55280AEA-87B5-432D-996B-B56A8E577957}.Debug|x86.ActiveCfg = Debug|Any CPU
		{55280AEA-87B5-432D-996B-B56A8E577957}.Debug|x86.Build.0 = Debug|Any CPU
		{55280AEA-87B5-432D-996B-B56A8E577957}.Release|Any CPU.ActiveCfg = Release|Any CPU
		{55280AEA-87B5-432D-996B-B56A8E577957}.Release|Any CPU.Build.0 = Release|Any CPU
		{55280AEA-87B5-432D-996B-B56A8E577957}.Release|x64.ActiveCfg = Release|Any CPU
		{55280AEA-87B5-432D-996B-B56A8E577957}.Release|x64.Build.0 = Release|Any CPU
		{55280AEA-87B5-432D-996B-B56A8E577957}.Release|x86.ActiveCfg = Release|Any CPU
		{55280AEA-87B5-432D-996B-B56A8E577957}.Release|x86.Build.0 = Release|Any CPU
		{81A387C2-CB97-49F7-8B6F-F632DDA74A5F}.Debug|Any CPU.ActiveCfg = Debug|Any CPU
		{81A387C2-CB97-49F7-8B6F-F632DDA74A5F}.Debug|Any CPU.Build.0 = Debug|Any CPU
		{81A387C2-CB97-49F7-8B6F-F632DDA74A5F}.Debug|x64.ActiveCfg = Debug|Any CPU
		{81A387C2-CB97-49F7-8B6F-F632DDA74A5F}.Debug|x64.Build.0 = Debug|Any CPU
		{81A387C2-CB97-49F7-8B6F-F632DDA74A5F}.Debug|x86.ActiveCfg = Debug|Any CPU
		{81A387C2-CB97-49F7-8B6F-F632DDA74A5F}.Debug|x86.Build.0 = Debug|Any CPU
		{81A387C2-CB97-49F7-8B6F-F632DDA74A5F}.Release|Any CPU.ActiveCfg = Release|Any CPU
		{81A387C2-CB97-49F7-8B6F-F632DDA74A5F}.Release|Any CPU.Build.0 = Release|Any CPU
		{81A387C2-CB97-49F7-8B6F-F632DDA74A5F}.Release|x64.ActiveCfg = Release|Any CPU
		{81A387C2-CB97-49F7-8B6F-F632DDA74A5F}.Release|x64.Build.0 = Release|Any CPU
		{81A387C2-CB97-49F7-8B6F-F632DDA74A5F}.Release|x86.ActiveCfg = Release|Any CPU
		{81A387C2-CB97-49F7-8B6F-F632DDA74A5F}.Release|x86.Build.0 = Release|Any CPU
		{09708A59-51D0-4149-917D-2060F716A6F8}.Debug|Any CPU.ActiveCfg = Debug|Any CPU
		{09708A59-51D0-4149-917D-2060F716A6F8}.Debug|Any CPU.Build.0 = Debug|Any CPU
		{09708A59-51D0-4149-917D-2060F716A6F8}.Debug|x64.ActiveCfg = Debug|Any CPU
		{09708A59-51D0-4149-917D-2060F716A6F8}.Debug|x64.Build.0 = Debug|Any CPU
		{09708A59-51D0-4149-917D-2060F716A6F8}.Debug|x86.ActiveCfg = Debug|Any CPU
		{09708A59-51D0-4149-917D-2060F716A6F8}.Debug|x86.Build.0 = Debug|Any CPU
		{09708A59-51D0-4149-917D-2060F716A6F8}.Release|Any CPU.ActiveCfg = Release|Any CPU
		{09708A59-51D0-4149-917D-2060F716A6F8}.Release|Any CPU.Build.0 = Release|Any CPU
		{09708A59-51D0-4149-917D-2060F716A6F8}.Release|x64.ActiveCfg = Release|Any CPU
		{09708A59-51D0-4149-917D-2060F716A6F8}.Release|x64.Build.0 = Release|Any CPU
		{09708A59-51D0-4149-917D-2060F716A6F8}.Release|x86.ActiveCfg = Release|Any CPU
		{09708A59-51D0-4149-917D-2060F716A6F8}.Release|x86.Build.0 = Release|Any CPU
		{EBA47993-BBFA-4387-8D4A-65E0194093BA}.Debug|Any CPU.ActiveCfg = Debug|Any CPU
		{EBA47993-BBFA-4387-8D4A-65E0194093BA}.Debug|Any CPU.Build.0 = Debug|Any CPU
		{EBA47993-BBFA-4387-8D4A-65E0194093BA}.Debug|x64.ActiveCfg = Debug|Any CPU
		{EBA47993-BBFA-4387-8D4A-65E0194093BA}.Debug|x64.Build.0 = Debug|Any CPU
		{EBA47993-BBFA-4387-8D4A-65E0194093BA}.Debug|x86.ActiveCfg = Debug|Any CPU
		{EBA47993-BBFA-4387-8D4A-65E0194093BA}.Debug|x86.Build.0 = Debug|Any CPU
		{EBA47993-BBFA-4387-8D4A-65E0194093BA}.Release|Any CPU.ActiveCfg = Release|Any CPU
		{EBA47993-BBFA-4387-8D4A-65E0194093BA}.Release|Any CPU.Build.0 = Release|Any CPU
		{EBA47993-BBFA-4387-8D4A-65E0194093BA}.Release|x64.ActiveCfg = Release|Any CPU
		{EBA47993-BBFA-4387-8D4A-65E0194093BA}.Release|x64.Build.0 = Release|Any CPU
		{EBA47993-BBFA-4387-8D4A-65E0194093BA}.Release|x86.ActiveCfg = Release|Any CPU
		{EBA47993-BBFA-4387-8D4A-65E0194093BA}.Release|x86.Build.0 = Release|Any CPU
		{47B8727A-402E-46F4-BF2B-5878CD4C9A27}.Debug|Any CPU.ActiveCfg = Debug|Any CPU
		{47B8727A-402E-46F4-BF2B-5878CD4C9A27}.Debug|Any CPU.Build.0 = Debug|Any CPU
		{47B8727A-402E-46F4-BF2B-5878CD4C9A27}.Debug|x64.ActiveCfg = Debug|Any CPU
		{47B8727A-402E-46F4-BF2B-5878CD4C9A27}.Debug|x64.Build.0 = Debug|Any CPU
		{47B8727A-402E-46F4-BF2B-5878CD4C9A27}.Debug|x86.ActiveCfg = Debug|Any CPU
		{47B8727A-402E-46F4-BF2B-5878CD4C9A27}.Debug|x86.Build.0 = Debug|Any CPU
		{47B8727A-402E-46F4-BF2B-5878CD4C9A27}.Release|Any CPU.ActiveCfg = Release|Any CPU
		{47B8727A-402E-46F4-BF2B-5878CD4C9A27}.Release|Any CPU.Build.0 = Release|Any CPU
		{47B8727A-402E-46F4-BF2B-5878CD4C9A27}.Release|x64.ActiveCfg = Release|Any CPU
		{47B8727A-402E-46F4-BF2B-5878CD4C9A27}.Release|x64.Build.0 = Release|Any CPU
		{47B8727A-402E-46F4-BF2B-5878CD4C9A27}.Release|x86.ActiveCfg = Release|Any CPU
		{47B8727A-402E-46F4-BF2B-5878CD4C9A27}.Release|x86.Build.0 = Release|Any CPU
		{BEFB2D0E-B8E4-4F4F-98EC-2A65CA34F2CD}.Debug|Any CPU.ActiveCfg = Debug|Any CPU
		{BEFB2D0E-B8E4-4F4F-98EC-2A65CA34F2CD}.Debug|Any CPU.Build.0 = Debug|Any CPU
		{BEFB2D0E-B8E4-4F4F-98EC-2A65CA34F2CD}.Debug|x64.ActiveCfg = Debug|Any CPU
		{BEFB2D0E-B8E4-4F4F-98EC-2A65CA34F2CD}.Debug|x64.Build.0 = Debug|Any CPU
		{BEFB2D0E-B8E4-4F4F-98EC-2A65CA34F2CD}.Debug|x86.ActiveCfg = Debug|Any CPU
		{BEFB2D0E-B8E4-4F4F-98EC-2A65CA34F2CD}.Debug|x86.Build.0 = Debug|Any CPU
		{BEFB2D0E-B8E4-4F4F-98EC-2A65CA34F2CD}.Release|Any CPU.ActiveCfg = Release|Any CPU
		{BEFB2D0E-B8E4-4F4F-98EC-2A65CA34F2CD}.Release|Any CPU.Build.0 = Release|Any CPU
		{BEFB2D0E-B8E4-4F4F-98EC-2A65CA34F2CD}.Release|x64.ActiveCfg = Release|Any CPU
		{BEFB2D0E-B8E4-4F4F-98EC-2A65CA34F2CD}.Release|x64.Build.0 = Release|Any CPU
		{BEFB2D0E-B8E4-4F4F-98EC-2A65CA34F2CD}.Release|x86.ActiveCfg = Release|Any CPU
		{BEFB2D0E-B8E4-4F4F-98EC-2A65CA34F2CD}.Release|x86.Build.0 = Release|Any CPU
	EndGlobalSection
	GlobalSection(SolutionProperties) = preSolution
		HideSolutionNode = FALSE
	EndGlobalSection
	GlobalSection(NestedProjects) = preSolution
		{55280AEA-87B5-432D-996B-B56A8E577957} = {827E0CD3-B72D-47B6-A68D-7590B98EB39B}
		{81A387C2-CB97-49F7-8B6F-F632DDA74A5F} = {827E0CD3-B72D-47B6-A68D-7590B98EB39B}
		{09708A59-51D0-4149-917D-2060F716A6F8} = {827E0CD3-B72D-47B6-A68D-7590B98EB39B}
		{EBA47993-BBFA-4387-8D4A-65E0194093BA} = {827E0CD3-B72D-47B6-A68D-7590B98EB39B}
		{47B8727A-402E-46F4-BF2B-5878CD4C9A27} = {0AB3BF05-4346-4AA6-1389-037BE0695223}
		{BEFB2D0E-B8E4-4F4F-98EC-2A65CA34F2CD} = {0AB3BF05-4346-4AA6-1389-037BE0695223}
	EndGlobalSection
EndGlobal
